
Microsoft Visual Studio Solution File, Format Version 12.00
# Visual Studio Version 17
VisualStudioVersion = 17.7.34018.315
MinimumVisualStudioVersion = 10.0.40219.1
Project("{2150E333-8FDC-42A3-9474-1A3956D46DE8}") = "src", "src", "{2C4E2274-DCAA-4BE8-83B3-F7B985A3DEB6}"
EndProject
Project("{9A19103F-16F7-4668-BE54-9A1E7A4F7556}") = "skit.API", "skit.API\skit.API.csproj", "{E2093496-405D-4FDB-89F1-F784511F5204}"
EndProject
Project("{9A19103F-16F7-4668-BE54-9A1E7A4F7556}") = "skit.Application", "skit.Application\skit.Application.csproj", "{0B1EDC7F-1152-428A-B8B8-B416DBCE9C8D}"
EndProject
Project("{9A19103F-16F7-4668-BE54-9A1E7A4F7556}") = "skit.Core", "skit.Core\skit.Core.csproj", "{DB9B35AB-8875-4986-8398-05AD6F8B3FD8}"
EndProject
Project("{9A19103F-16F7-4668-BE54-9A1E7A4F7556}") = "skit.Infrastructure", "skit.Infrastructure\skit.Infrastructure.csproj", "{6377ABC3-01DB-4DFA-A26A-623BD7D09C26}"
EndProject
Project("{2150E333-8FDC-42A3-9474-1A3956D46DE8}") = "tests", "tests", "{CBB23406-8F25-4752-847E-B11273C52CBD}"
EndProject
Project("{9A19103F-16F7-4668-BE54-9A1E7A4F7556}") = "skit.Shared", "skit.Shared\skit.Shared.csproj", "{DDB65609-E532-49DA-AEDC-203D4627169F}"
EndProject
Project("{9A19103F-16F7-4668-BE54-9A1E7A4F7556}") = "skit.Shared.Abstractions", "skit.Shared.Abstractions\skit.Shared.Abstractions.csproj", "{B710999E-6D3A-4EFB-B50C-E67B578D8323}"
EndProject
Project("{FAE04EC0-301F-11D3-BF4B-00C04F79EFBC}") = "ArchitectureTests", "ArchitectureTests\ArchitectureTests.csproj", "{AEF3D008-97C2-400A-9B23-329152BC9F99}"
EndProject
Project("{2150E333-8FDC-42A3-9474-1A3956D46DE8}") = "Solution Items", "Solution Items", "{780A4D99-8D6B-4165-A9D2-F9AA29B65AE9}"
	ProjectSection(SolutionItems) = preProject
		docker-compose.yml = docker-compose.yml
		Dockerfile = Dockerfile
		.dockerignore = .dockerignore
	EndProjectSection
EndProject
Global
	GlobalSection(SolutionConfigurationPlatforms) = preSolution
		Debug|Any CPU = Debug|Any CPU
		Release|Any CPU = Release|Any CPU
	EndGlobalSection
	GlobalSection(ProjectConfigurationPlatforms) = postSolution
		{E2093496-405D-4FDB-89F1-F784511F5204}.Debug|Any CPU.ActiveCfg = Debug|Any CPU
		{E2093496-405D-4FDB-89F1-F784511F5204}.Debug|Any CPU.Build.0 = Debug|Any CPU
		{E2093496-405D-4FDB-89F1-F784511F5204}.Release|Any CPU.ActiveCfg = Release|Any CPU
		{E2093496-405D-4FDB-89F1-F784511F5204}.Release|Any CPU.Build.0 = Release|Any CPU
		{0B1EDC7F-1152-428A-B8B8-B416DBCE9C8D}.Debug|Any CPU.ActiveCfg = Debug|Any CPU
		{0B1EDC7F-1152-428A-B8B8-B416DBCE9C8D}.Debug|Any CPU.Build.0 = Debug|Any CPU
		{0B1EDC7F-1152-428A-B8B8-B416DBCE9C8D}.Release|Any CPU.ActiveCfg = Release|Any CPU
		{0B1EDC7F-1152-428A-B8B8-B416DBCE9C8D}.Release|Any CPU.Build.0 = Release|Any CPU
		{DB9B35AB-8875-4986-8398-05AD6F8B3FD8}.Debug|Any CPU.ActiveCfg = Debug|Any CPU
		{DB9B35AB-8875-4986-8398-05AD6F8B3FD8}.Debug|Any CPU.Build.0 = Debug|Any CPU
		{DB9B35AB-8875-4986-8398-05AD6F8B3FD8}.Release|Any CPU.ActiveCfg = Release|Any CPU
		{DB9B35AB-8875-4986-8398-05AD6F8B3FD8}.Release|Any CPU.Build.0 = Release|Any CPU
		{6377ABC3-01DB-4DFA-A26A-623BD7D09C26}.Debug|Any CPU.ActiveCfg = Debug|Any CPU
		{6377ABC3-01DB-4DFA-A26A-623BD7D09C26}.Debug|Any CPU.Build.0 = Debug|Any CPU
		{6377ABC3-01DB-4DFA-A26A-623BD7D09C26}.Release|Any CPU.ActiveCfg = Release|Any CPU
		{6377ABC3-01DB-4DFA-A26A-623BD7D09C26}.Release|Any CPU.Build.0 = Release|Any CPU
		{DDB65609-E532-49DA-AEDC-203D4627169F}.Debug|Any CPU.ActiveCfg = Debug|Any CPU
		{DDB65609-E532-49DA-AEDC-203D4627169F}.Debug|Any CPU.Build.0 = Debug|Any CPU
		{DDB65609-E532-49DA-AEDC-203D4627169F}.Release|Any CPU.ActiveCfg = Release|Any CPU
		{DDB65609-E532-49DA-AEDC-203D4627169F}.Release|Any CPU.Build.0 = Release|Any CPU
		{B710999E-6D3A-4EFB-B50C-E67B578D8323}.Debug|Any CPU.ActiveCfg = Debug|Any CPU
		{B710999E-6D3A-4EFB-B50C-E67B578D8323}.Debug|Any CPU.Build.0 = Debug|Any CPU
		{B710999E-6D3A-4EFB-B50C-E67B578D8323}.Release|Any CPU.ActiveCfg = Release|Any CPU
		{B710999E-6D3A-4EFB-B50C-E67B578D8323}.Release|Any CPU.Build.0 = Release|Any CPU
		{AEF3D008-97C2-400A-9B23-329152BC9F99}.Debug|Any CPU.ActiveCfg = Debug|Any CPU
		{AEF3D008-97C2-400A-9B23-329152BC9F99}.Debug|Any CPU.Build.0 = Debug|Any CPU
		{AEF3D008-97C2-400A-9B23-329152BC9F99}.Release|Any CPU.ActiveCfg = Release|Any CPU
		{AEF3D008-97C2-400A-9B23-329152BC9F99}.Release|Any CPU.Build.0 = Release|Any CPU
	EndGlobalSection
	GlobalSection(SolutionProperties) = preSolution
		HideSolutionNode = FALSE
	EndGlobalSection
	GlobalSection(NestedProjects) = preSolution
		{E2093496-405D-4FDB-89F1-F784511F5204} = {2C4E2274-DCAA-4BE8-83B3-F7B985A3DEB6}
		{0B1EDC7F-1152-428A-B8B8-B416DBCE9C8D} = {2C4E2274-DCAA-4BE8-83B3-F7B985A3DEB6}
		{DB9B35AB-8875-4986-8398-05AD6F8B3FD8} = {2C4E2274-DCAA-4BE8-83B3-F7B985A3DEB6}
		{6377ABC3-01DB-4DFA-A26A-623BD7D09C26} = {2C4E2274-DCAA-4BE8-83B3-F7B985A3DEB6}
		{DDB65609-E532-49DA-AEDC-203D4627169F} = {2C4E2274-DCAA-4BE8-83B3-F7B985A3DEB6}
		{B710999E-6D3A-4EFB-B50C-E67B578D8323} = {2C4E2274-DCAA-4BE8-83B3-F7B985A3DEB6}
		{AEF3D008-97C2-400A-9B23-329152BC9F99} = {CBB23406-8F25-4752-847E-B11273C52CBD}
	EndGlobalSection
	GlobalSection(ExtensibilityGlobals) = postSolution
		SolutionGuid = {88FC2057-20AA-4054-AA58-4F30849874C4}
	EndGlobalSection
EndGlobal
